// !$*UTF8*$!
{
	archiveVersion = 1;
	classes = {
	};
	objectVersion = 50;
	objects = {

/* Begin PBXBuildFile section */
		CE0DFC252377E32A00F26E22 /* charleyrivers.jpg in Resources */ = {isa = PBXBuildFile; fileRef = CE0DFC182377E32A00F26E22 /* charleyrivers.jpg */; };
		CE0DFC262377E32A00F26E22 /* turtlerock.jpg in Resources */ = {isa = PBXBuildFile; fileRef = CE0DFC192377E32A00F26E22 /* turtlerock.jpg */; };
		CE0DFC272377E32A00F26E22 /* silversalmoncreek.jpg in Resources */ = {isa = PBXBuildFile; fileRef = CE0DFC1A2377E32A00F26E22 /* silversalmoncreek.jpg */; };
		CE0DFC282377E32A00F26E22 /* icybay.jpg in Resources */ = {isa = PBXBuildFile; fileRef = CE0DFC1B2377E32A00F26E22 /* icybay.jpg */; };
		CE0DFC292377E32A00F26E22 /* lakemcdonald.jpg in Resources */ = {isa = PBXBuildFile; fileRef = CE0DFC1C2377E32A00F26E22 /* lakemcdonald.jpg */; };
		CE0DFC2A2377E32A00F26E22 /* hiddenlake.jpg in Resources */ = {isa = PBXBuildFile; fileRef = CE0DFC1D2377E32A00F26E22 /* hiddenlake.jpg */; };
		CE0DFC2B2377E32A00F26E22 /* twinlake.jpg in Resources */ = {isa = PBXBuildFile; fileRef = CE0DFC1E2377E32A00F26E22 /* twinlake.jpg */; };
		CE0DFC2C2377E32A00F26E22 /* umbagog.jpg in Resources */ = {isa = PBXBuildFile; fileRef = CE0DFC1F2377E32A00F26E22 /* umbagog.jpg */; };
		CE0DFC2D2377E32A00F26E22 /* landmarkData.json in Resources */ = {isa = PBXBuildFile; fileRef = CE0DFC202377E32A00F26E22 /* landmarkData.json */; };
		CE0DFC2E2377E32A00F26E22 /* chincoteague.jpg in Resources */ = {isa = PBXBuildFile; fileRef = CE0DFC212377E32A00F26E22 /* chincoteague.jpg */; };
		CE0DFC2F2377E32A00F26E22 /* stmarylake.jpg in Resources */ = {isa = PBXBuildFile; fileRef = CE0DFC222377E32A00F26E22 /* stmarylake.jpg */; };
		CE0DFC302377E32A00F26E22 /* chilkoottrail.jpg in Resources */ = {isa = PBXBuildFile; fileRef = CE0DFC232377E32A00F26E22 /* chilkoottrail.jpg */; };
		CE0DFC312377E32A00F26E22 /* rainbowlake.jpg in Resources */ = {isa = PBXBuildFile; fileRef = CE0DFC242377E32A00F26E22 /* rainbowlake.jpg */; };
		CE0DFC332377E37700F26E22 /* Assets.xcassets in Resources */ = {isa = PBXBuildFile; fileRef = CE0DFC322377E37700F26E22 /* Assets.xcassets */; };
		CE0DFC352378094300F26E22 /* UserData.swift in Sources */ = {isa = PBXBuildFile; fileRef = CE0DFC342378094300F26E22 /* UserData.swift */; };
		CE44195C2371D442001E9EBD /* CircleImage.swift in Sources */ = {isa = PBXBuildFile; fileRef = CE44195B2371D442001E9EBD /* CircleImage.swift */; };
		CE44195E2371D59C001E9EBD /* MapView.swift in Sources */ = {isa = PBXBuildFile; fileRef = CE44195D2371D59C001E9EBD /* MapView.swift */; };
		CE47582F23790F1100D897E1 /* HexagonParameters.swift in Sources */ = {isa = PBXBuildFile; fileRef = CE47582C23790F1100D897E1 /* HexagonParameters.swift */; };
		CE47583023790F1100D897E1 /* HikeDetail.swift in Sources */ = {isa = PBXBuildFile; fileRef = CE47582D23790F1100D897E1 /* HikeDetail.swift */; };
		CE47583123790F1100D897E1 /* HikeView.swift in Sources */ = {isa = PBXBuildFile; fileRef = CE47582E23790F1100D897E1 /* HikeView.swift */; };
		CE47583A2379DDFE00D897E1 /* Hike.swift in Sources */ = {isa = PBXBuildFile; fileRef = CE4758392379DDFE00D897E1 /* Hike.swift */; };
		CE47583B2379DE2600D897E1 /* HikeGraph.swift in Sources */ = {isa = PBXBuildFile; fileRef = CE4758362379DDF800D897E1 /* HikeGraph.swift */; };
		CE47583C2379DE2900D897E1 /* RotatedBadgeSymbol.swift in Sources */ = {isa = PBXBuildFile; fileRef = CE4758372379DDF800D897E1 /* RotatedBadgeSymbol.swift */; };
		CE47583D2379DE2C00D897E1 /* Badge.swift in Sources */ = {isa = PBXBuildFile; fileRef = CE4758382379DDF800D897E1 /* Badge.swift */; };
		CE47583E2379DE2C00D897E1 /* BadgeBackground.swift in Sources */ = {isa = PBXBuildFile; fileRef = CE4758332379DDF800D897E1 /* BadgeBackground.swift */; };
		CE47583F2379DE2C00D897E1 /* BadgeSymbol.swift in Sources */ = {isa = PBXBuildFile; fileRef = CE4758342379DDF800D897E1 /* BadgeSymbol.swift */; };
		CE4758402379DE2C00D897E1 /* GraphCapsule.swift in Sources */ = {isa = PBXBuildFile; fileRef = CE4758352379DDF800D897E1 /* GraphCapsule.swift */; };
		CE4758422379DED100D897E1 /* hikeData.json in Resources */ = {isa = PBXBuildFile; fileRef = CE4758412379DEC700D897E1 /* hikeData.json */; };
		CE65138523711D5600E06F87 /* AppDelegate.swift in Sources */ = {isa = PBXBuildFile; fileRef = CE65138423711D5600E06F87 /* AppDelegate.swift */; };
		CE65138723711D5600E06F87 /* SceneDelegate.swift in Sources */ = {isa = PBXBuildFile; fileRef = CE65138623711D5600E06F87 /* SceneDelegate.swift */; };
		CE65138A23711D5600E06F87 /* nowiiesocials.xcdatamodeld in Sources */ = {isa = PBXBuildFile; fileRef = CE65138823711D5600E06F87 /* nowiiesocials.xcdatamodeld */; };
		CE65138C23711D5600E06F87 /* ContentView.swift in Sources */ = {isa = PBXBuildFile; fileRef = CE65138B23711D5600E06F87 /* ContentView.swift */; };
		CE65139123711D5900E06F87 /* Preview Assets.xcassets in Resources */ = {isa = PBXBuildFile; fileRef = CE65139023711D5900E06F87 /* Preview Assets.xcassets */; };
		CE65139423711D5900E06F87 /* LaunchScreen.storyboard in Resources */ = {isa = PBXBuildFile; fileRef = CE65139223711D5900E06F87 /* LaunchScreen.storyboard */; };
		CE65139F23711D5900E06F87 /* nowiiesocialsTests.swift in Sources */ = {isa = PBXBuildFile; fileRef = CE65139E23711D5900E06F87 /* nowiiesocialsTests.swift */; };
		CE6513AA23711D5900E06F87 /* nowiiesocialsUITests.swift in Sources */ = {isa = PBXBuildFile; fileRef = CE6513A923711D5900E06F87 /* nowiiesocialsUITests.swift */; };
		CE9EC4DD2376F66900725DA6 /* Data.swift in Sources */ = {isa = PBXBuildFile; fileRef = CE9EC4DB2376F66900725DA6 /* Data.swift */; };
		CE9EC4DE2376F66900725DA6 /* Landmark.swift in Sources */ = {isa = PBXBuildFile; fileRef = CE9EC4DC2376F66900725DA6 /* Landmark.swift */; };
		CED4E0272372011B00A01A76 /* LandmarkRow.swift in Sources */ = {isa = PBXBuildFile; fileRef = CED4E0262372011B00A01A76 /* LandmarkRow.swift */; };
		CED4E03B2372F0DD00A01A76 /* LandmarkList.swift in Sources */ = {isa = PBXBuildFile; fileRef = CED4E03A2372F0DD00A01A76 /* LandmarkList.swift */; };
/* End PBXBuildFile section */

/* Begin PBXContainerItemProxy section */
		CE65139B23711D5900E06F87 /* PBXContainerItemProxy */ = {
			isa = PBXContainerItemProxy;
			containerPortal = CE65137923711D5600E06F87 /* Project object */;
			proxyType = 1;
			remoteGlobalIDString = CE65138023711D5600E06F87;
			remoteInfo = nowiiesocials;
		};
		CE6513A623711D5900E06F87 /* PBXContainerItemProxy */ = {
			isa = PBXContainerItemProxy;
			containerPortal = CE65137923711D5600E06F87 /* Project object */;
			proxyType = 1;
			remoteGlobalIDString = CE65138023711D5600E06F87;
			remoteInfo = nowiiesocials;
		};
/* End PBXContainerItemProxy section */

/* Begin PBXFileReference section */
		CE0DFC182377E32A00F26E22 /* charleyrivers.jpg */ = {isa = PBXFileReference; lastKnownFileType = image.jpeg; path = charleyrivers.jpg; sourceTree = "<group>"; };
		CE0DFC192377E32A00F26E22 /* turtlerock.jpg */ = {isa = PBXFileReference; lastKnownFileType = image.jpeg; path = turtlerock.jpg; sourceTree = "<group>"; };
		CE0DFC1A2377E32A00F26E22 /* silversalmoncreek.jpg */ = {isa = PBXFileReference; lastKnownFileType = image.jpeg; path = silversalmoncreek.jpg; sourceTree = "<group>"; };
		CE0DFC1B2377E32A00F26E22 /* icybay.jpg */ = {isa = PBXFileReference; lastKnownFileType = image.jpeg; path = icybay.jpg; sourceTree = "<group>"; };
		CE0DFC1C2377E32A00F26E22 /* lakemcdonald.jpg */ = {isa = PBXFileReference; lastKnownFileType = image.jpeg; path = lakemcdonald.jpg; sourceTree = "<group>"; };
		CE0DFC1D2377E32A00F26E22 /* hiddenlake.jpg */ = {isa = PBXFileReference; lastKnownFileType = image.jpeg; path = hiddenlake.jpg; sourceTree = "<group>"; };
		CE0DFC1E2377E32A00F26E22 /* twinlake.jpg */ = {isa = PBXFileReference; lastKnownFileType = image.jpeg; path = twinlake.jpg; sourceTree = "<group>"; };
		CE0DFC1F2377E32A00F26E22 /* umbagog.jpg */ = {isa = PBXFileReference; lastKnownFileType = image.jpeg; path = umbagog.jpg; sourceTree = "<group>"; };
		CE0DFC202377E32A00F26E22 /* landmarkData.json */ = {isa = PBXFileReference; fileEncoding = 4; lastKnownFileType = text.json; path = landmarkData.json; sourceTree = "<group>"; };
		CE0DFC212377E32A00F26E22 /* chincoteague.jpg */ = {isa = PBXFileReference; lastKnownFileType = image.jpeg; path = chincoteague.jpg; sourceTree = "<group>"; };
		CE0DFC222377E32A00F26E22 /* stmarylake.jpg */ = {isa = PBXFileReference; lastKnownFileType = image.jpeg; path = stmarylake.jpg; sourceTree = "<group>"; };
		CE0DFC232377E32A00F26E22 /* chilkoottrail.jpg */ = {isa = PBXFileReference; lastKnownFileType = image.jpeg; path = chilkoottrail.jpg; sourceTree = "<group>"; };
		CE0DFC242377E32A00F26E22 /* rainbowlake.jpg */ = {isa = PBXFileReference; lastKnownFileType = image.jpeg; path = rainbowlake.jpg; sourceTree = "<group>"; };
		CE0DFC322377E37700F26E22 /* Assets.xcassets */ = {isa = PBXFileReference; lastKnownFileType = folder.assetcatalog; path = Assets.xcassets; sourceTree = "<group>"; };
		CE0DFC342378094300F26E22 /* UserData.swift */ = {isa = PBXFileReference; lastKnownFileType = sourcecode.swift; path = UserData.swift; sourceTree = "<group>"; };
		CE44195B2371D442001E9EBD /* CircleImage.swift */ = {isa = PBXFileReference; lastKnownFileType = sourcecode.swift; path = CircleImage.swift; sourceTree = "<group>"; };
		CE44195D2371D59C001E9EBD /* MapView.swift */ = {isa = PBXFileReference; lastKnownFileType = sourcecode.swift; path = MapView.swift; sourceTree = "<group>"; };
		CE47582C23790F1100D897E1 /* HexagonParameters.swift */ = {isa = PBXFileReference; fileEncoding = 4; lastKnownFileType = sourcecode.swift; path = HexagonParameters.swift; sourceTree = "<group>"; };
		CE47582D23790F1100D897E1 /* HikeDetail.swift */ = {isa = PBXFileReference; fileEncoding = 4; lastKnownFileType = sourcecode.swift; path = HikeDetail.swift; sourceTree = "<group>"; };
		CE47582E23790F1100D897E1 /* HikeView.swift */ = {isa = PBXFileReference; fileEncoding = 4; lastKnownFileType = sourcecode.swift; path = HikeView.swift; sourceTree = "<group>"; };
		CE4758332379DDF800D897E1 /* BadgeBackground.swift */ = {isa = PBXFileReference; lastKnownFileType = sourcecode.swift; path = BadgeBackground.swift; sourceTree = "<group>"; };
		CE4758342379DDF800D897E1 /* BadgeSymbol.swift */ = {isa = PBXFileReference; lastKnownFileType = sourcecode.swift; path = BadgeSymbol.swift; sourceTree = "<group>"; };
		CE4758352379DDF800D897E1 /* GraphCapsule.swift */ = {isa = PBXFileReference; lastKnownFileType = sourcecode.swift; path = GraphCapsule.swift; sourceTree = "<group>"; };
		CE4758362379DDF800D897E1 /* HikeGraph.swift */ = {isa = PBXFileReference; lastKnownFileType = sourcecode.swift; path = HikeGraph.swift; sourceTree = "<group>"; };
		CE4758372379DDF800D897E1 /* RotatedBadgeSymbol.swift */ = {isa = PBXFileReference; lastKnownFileType = sourcecode.swift; path = RotatedBadgeSymbol.swift; sourceTree = "<group>"; };
		CE4758382379DDF800D897E1 /* Badge.swift */ = {isa = PBXFileReference; lastKnownFileType = sourcecode.swift; path = Badge.swift; sourceTree = "<group>"; };
		CE4758392379DDFE00D897E1 /* Hike.swift */ = {isa = PBXFileReference; lastKnownFileType = sourcecode.swift; path = Hike.swift; sourceTree = "<group>"; };
		CE4758412379DEC700D897E1 /* hikeData.json */ = {isa = PBXFileReference; lastKnownFileType = text.json; path = hikeData.json; sourceTree = "<group>"; };
		CE65138123711D5600E06F87 /* nowiiesocials.app */ = {isa = PBXFileReference; explicitFileType = wrapper.application; includeInIndex = 0; path = nowiiesocials.app; sourceTree = BUILT_PRODUCTS_DIR; };
		CE65138423711D5600E06F87 /* AppDelegate.swift */ = {isa = PBXFileReference; lastKnownFileType = sourcecode.swift; path = AppDelegate.swift; sourceTree = "<group>"; };
		CE65138623711D5600E06F87 /* SceneDelegate.swift */ = {isa = PBXFileReference; lastKnownFileType = sourcecode.swift; path = SceneDelegate.swift; sourceTree = "<group>"; };
		CE65138923711D5600E06F87 /* nowiiesocials.xcdatamodel */ = {isa = PBXFileReference; lastKnownFileType = wrapper.xcdatamodel; path = nowiiesocials.xcdatamodel; sourceTree = "<group>"; };
		CE65138B23711D5600E06F87 /* ContentView.swift */ = {isa = PBXFileReference; lastKnownFileType = sourcecode.swift; path = ContentView.swift; sourceTree = "<group>"; };
		CE65139023711D5900E06F87 /* Preview Assets.xcassets */ = {isa = PBXFileReference; lastKnownFileType = folder.assetcatalog; path = "Preview Assets.xcassets"; sourceTree = "<group>"; };
		CE65139323711D5900E06F87 /* Base */ = {isa = PBXFileReference; lastKnownFileType = file.storyboard; name = Base; path = Base.lproj/LaunchScreen.storyboard; sourceTree = "<group>"; };
		CE65139A23711D5900E06F87 /* nowiiesocialsTests.xctest */ = {isa = PBXFileReference; explicitFileType = wrapper.cfbundle; includeInIndex = 0; path = nowiiesocialsTests.xctest; sourceTree = BUILT_PRODUCTS_DIR; };
		CE65139E23711D5900E06F87 /* nowiiesocialsTests.swift */ = {isa = PBXFileReference; lastKnownFileType = sourcecode.swift; path = nowiiesocialsTests.swift; sourceTree = "<group>"; };
		CE6513A023711D5900E06F87 /* Info.plist */ = {isa = PBXFileReference; lastKnownFileType = text.plist.xml; path = Info.plist; sourceTree = "<group>"; };
		CE6513A523711D5900E06F87 /* nowiiesocialsUITests.xctest */ = {isa = PBXFileReference; explicitFileType = wrapper.cfbundle; includeInIndex = 0; path = nowiiesocialsUITests.xctest; sourceTree = BUILT_PRODUCTS_DIR; };
		CE6513A923711D5900E06F87 /* nowiiesocialsUITests.swift */ = {isa = PBXFileReference; lastKnownFileType = sourcecode.swift; path = nowiiesocialsUITests.swift; sourceTree = "<group>"; };
		CE6513AB23711D5900E06F87 /* Info.plist */ = {isa = PBXFileReference; lastKnownFileType = text.plist.xml; path = Info.plist; sourceTree = "<group>"; };
		CE9EC4DB2376F66900725DA6 /* Data.swift */ = {isa = PBXFileReference; fileEncoding = 4; lastKnownFileType = sourcecode.swift; path = Data.swift; sourceTree = "<group>"; };
		CE9EC4DC2376F66900725DA6 /* Landmark.swift */ = {isa = PBXFileReference; fileEncoding = 4; lastKnownFileType = sourcecode.swift; path = Landmark.swift; sourceTree = "<group>"; };
		CECE15952377E0E7000302BB /* Info.plist */ = {isa = PBXFileReference; fileEncoding = 4; lastKnownFileType = text.plist.xml; path = Info.plist; sourceTree = "<group>"; };
		CED4E0262372011B00A01A76 /* LandmarkRow.swift */ = {isa = PBXFileReference; fileEncoding = 4; lastKnownFileType = sourcecode.swift; path = LandmarkRow.swift; sourceTree = "<group>"; };
		CED4E03A2372F0DD00A01A76 /* LandmarkList.swift */ = {isa = PBXFileReference; lastKnownFileType = sourcecode.swift; path = LandmarkList.swift; sourceTree = "<group>"; };
/* End PBXFileReference section */

/* Begin PBXFrameworksBuildPhase section */
		CE65137E23711D5600E06F87 /* Frameworks */ = {
			isa = PBXFrameworksBuildPhase;
			buildActionMask = 2147483647;
			files = (
			);
			runOnlyForDeploymentPostprocessing = 0;
		};
		CE65139723711D5900E06F87 /* Frameworks */ = {
			isa = PBXFrameworksBuildPhase;
			buildActionMask = 2147483647;
			files = (
			);
			runOnlyForDeploymentPostprocessing = 0;
		};
		CE6513A223711D5900E06F87 /* Frameworks */ = {
			isa = PBXFrameworksBuildPhase;
			buildActionMask = 2147483647;
			files = (
			);
			runOnlyForDeploymentPostprocessing = 0;
		};
/* End PBXFrameworksBuildPhase section */

/* Begin PBXGroup section */
		CE0DFC172377E32A00F26E22 /* Resources */ = {
			isa = PBXGroup;
			children = (
				CE4758412379DEC700D897E1 /* hikeData.json */,
				CE0DFC182377E32A00F26E22 /* charleyrivers.jpg */,
				CE0DFC192377E32A00F26E22 /* turtlerock.jpg */,
				CE0DFC1A2377E32A00F26E22 /* silversalmoncreek.jpg */,
				CE0DFC1B2377E32A00F26E22 /* icybay.jpg */,
				CE0DFC1C2377E32A00F26E22 /* lakemcdonald.jpg */,
				CE0DFC1D2377E32A00F26E22 /* hiddenlake.jpg */,
				CE0DFC1E2377E32A00F26E22 /* twinlake.jpg */,
				CE0DFC1F2377E32A00F26E22 /* umbagog.jpg */,
				CE0DFC202377E32A00F26E22 /* landmarkData.json */,
				CE0DFC212377E32A00F26E22 /* chincoteague.jpg */,
				CE0DFC222377E32A00F26E22 /* stmarylake.jpg */,
				CE0DFC232377E32A00F26E22 /* chilkoottrail.jpg */,
				CE0DFC242377E32A00F26E22 /* rainbowlake.jpg */,
			);
			path = Resources;
			sourceTree = "<group>";
		};
		CE4419592371D40F001E9EBD /* Common */ = {
			isa = PBXGroup;
			children = (
				CED4E0282372012500A01A76 /* Models */,
				CE44195A2371D416001E9EBD /* Views */,
			);
			path = Common;
			sourceTree = "<group>";
		};
		CE44195A2371D416001E9EBD /* Views */ = {
			isa = PBXGroup;
			children = (
				CE47582C23790F1100D897E1 /* HexagonParameters.swift */,
				CE47582D23790F1100D897E1 /* HikeDetail.swift */,
				CE47582E23790F1100D897E1 /* HikeView.swift */,
				CED4E0262372011B00A01A76 /* LandmarkRow.swift */,
				CE44195B2371D442001E9EBD /* CircleImage.swift */,
				CE44195D2371D59C001E9EBD /* MapView.swift */,
				CED4E03A2372F0DD00A01A76 /* LandmarkList.swift */,
			);
			path = Views;
			sourceTree = "<group>";
		};
		CE4758322379DDCC00D897E1 /* Supporting Views */ = {
			isa = PBXGroup;
			children = (
				CE4758382379DDF800D897E1 /* Badge.swift */,
				CE4758332379DDF800D897E1 /* BadgeBackground.swift */,
				CE4758342379DDF800D897E1 /* BadgeSymbol.swift */,
				CE4758352379DDF800D897E1 /* GraphCapsule.swift */,
				CE4758362379DDF800D897E1 /* HikeGraph.swift */,
				CE4758372379DDF800D897E1 /* RotatedBadgeSymbol.swift */,
			);
			path = "Supporting Views";
			sourceTree = "<group>";
		};
		CE65137823711D5600E06F87 = {
			isa = PBXGroup;
			children = (
				CE65138323711D5600E06F87 /* nowiiesocials */,
				CE65139D23711D5900E06F87 /* nowiiesocialsTests */,
				CE6513A823711D5900E06F87 /* nowiiesocialsUITests */,
				CE65138223711D5600E06F87 /* Products */,
			);
			sourceTree = "<group>";
		};
		CE65138223711D5600E06F87 /* Products */ = {
			isa = PBXGroup;
			children = (
				CE65138123711D5600E06F87 /* nowiiesocials.app */,
				CE65139A23711D5900E06F87 /* nowiiesocialsTests.xctest */,
				CE6513A523711D5900E06F87 /* nowiiesocialsUITests.xctest */,
			);
			name = Products;
			sourceTree = "<group>";
		};
		CE65138323711D5600E06F87 /* nowiiesocials */ = {
			isa = PBXGroup;
			children = (
				CE4419592371D40F001E9EBD /* Common */,
				CE4758322379DDCC00D897E1 /* Supporting Views */,
				CE65138B23711D5600E06F87 /* ContentView.swift */,
				CE65138423711D5600E06F87 /* AppDelegate.swift */,
				CE65138623711D5600E06F87 /* SceneDelegate.swift */,
				CE65139223711D5900E06F87 /* LaunchScreen.storyboard */,
				CE65138823711D5600E06F87 /* nowiiesocials.xcdatamodeld */,
				CECE15952377E0E7000302BB /* Info.plist */,
				CE0DFC322377E37700F26E22 /* Assets.xcassets */,
				CE0DFC172377E32A00F26E22 /* Resources */,
				CE65138F23711D5900E06F87 /* Preview Content */,
			);
			path = nowiiesocials;
			sourceTree = "<group>";
		};
		CE65138F23711D5900E06F87 /* Preview Content */ = {
			isa = PBXGroup;
			children = (
				CE65139023711D5900E06F87 /* Preview Assets.xcassets */,
			);
			path = "Preview Content";
			sourceTree = "<group>";
		};
		CE65139D23711D5900E06F87 /* nowiiesocialsTests */ = {
			isa = PBXGroup;
			children = (
				CE65139E23711D5900E06F87 /* nowiiesocialsTests.swift */,
				CE6513A023711D5900E06F87 /* Info.plist */,
			);
			path = nowiiesocialsTests;
			sourceTree = "<group>";
		};
		CE6513A823711D5900E06F87 /* nowiiesocialsUITests */ = {
			isa = PBXGroup;
			children = (
				CE6513A923711D5900E06F87 /* nowiiesocialsUITests.swift */,
				CE6513AB23711D5900E06F87 /* Info.plist */,
			);
			path = nowiiesocialsUITests;
			sourceTree = "<group>";
		};
		CED4E0282372012500A01A76 /* Models */ = {
			isa = PBXGroup;
			children = (
				CE4758392379DDFE00D897E1 /* Hike.swift */,
				CE9EC4DB2376F66900725DA6 /* Data.swift */,
				CE9EC4DC2376F66900725DA6 /* Landmark.swift */,
				CE0DFC342378094300F26E22 /* UserData.swift */,
			);
			path = Models;
			sourceTree = "<group>";
		};
/* End PBXGroup section */

/* Begin PBXNativeTarget section */
		CE65138023711D5600E06F87 /* nowiiesocials */ = {
			isa = PBXNativeTarget;
			buildConfigurationList = CE6513AE23711D5900E06F87 /* Build configuration list for PBXNativeTarget "nowiiesocials" */;
			buildPhases = (
				CE65137D23711D5600E06F87 /* Sources */,
				CE65137E23711D5600E06F87 /* Frameworks */,
				CE65137F23711D5600E06F87 /* Resources */,
			);
			buildRules = (
			);
			dependencies = (
			);
			name = nowiiesocials;
			productName = nowiiesocials;
			productReference = CE65138123711D5600E06F87 /* nowiiesocials.app */;
			productType = "com.apple.product-type.application";
		};
		CE65139923711D5900E06F87 /* nowiiesocialsTests */ = {
			isa = PBXNativeTarget;
			buildConfigurationList = CE6513B123711D5900E06F87 /* Build configuration list for PBXNativeTarget "nowiiesocialsTests" */;
			buildPhases = (
				CE65139623711D5900E06F87 /* Sources */,
				CE65139723711D5900E06F87 /* Frameworks */,
				CE65139823711D5900E06F87 /* Resources */,
			);
			buildRules = (
			);
			dependencies = (
				CE65139C23711D5900E06F87 /* PBXTargetDependency */,
			);
			name = nowiiesocialsTests;
			productName = nowiiesocialsTests;
			productReference = CE65139A23711D5900E06F87 /* nowiiesocialsTests.xctest */;
			productType = "com.apple.product-type.bundle.unit-test";
		};
		CE6513A423711D5900E06F87 /* nowiiesocialsUITests */ = {
			isa = PBXNativeTarget;
			buildConfigurationList = CE6513B423711D5900E06F87 /* Build configuration list for PBXNativeTarget "nowiiesocialsUITests" */;
			buildPhases = (
				CE6513A123711D5900E06F87 /* Sources */,
				CE6513A223711D5900E06F87 /* Frameworks */,
				CE6513A323711D5900E06F87 /* Resources */,
			);
			buildRules = (
			);
			dependencies = (
				CE6513A723711D5900E06F87 /* PBXTargetDependency */,
			);
			name = nowiiesocialsUITests;
			productName = nowiiesocialsUITests;
			productReference = CE6513A523711D5900E06F87 /* nowiiesocialsUITests.xctest */;
			productType = "com.apple.product-type.bundle.ui-testing";
		};
/* End PBXNativeTarget section */

/* Begin PBXProject section */
		CE65137923711D5600E06F87 /* Project object */ = {
			isa = PBXProject;
			attributes = {
				LastSwiftUpdateCheck = 1100;
				LastUpgradeCheck = 1100;
				ORGANIZATIONNAME = "Ski, LLC";
				TargetAttributes = {
					CE65138023711D5600E06F87 = {
						CreatedOnToolsVersion = 11.0;
					};
					CE65139923711D5900E06F87 = {
						CreatedOnToolsVersion = 11.0;
						TestTargetID = CE65138023711D5600E06F87;
					};
					CE6513A423711D5900E06F87 = {
						CreatedOnToolsVersion = 11.0;
						TestTargetID = CE65138023711D5600E06F87;
					};
				};
			};
			buildConfigurationList = CE65137C23711D5600E06F87 /* Build configuration list for PBXProject "nowiiesocials" */;
			compatibilityVersion = "Xcode 9.3";
			developmentRegion = en;
			hasScannedForEncodings = 0;
			knownRegions = (
				en,
				Base,
			);
			mainGroup = CE65137823711D5600E06F87;
			productRefGroup = CE65138223711D5600E06F87 /* Products */;
			projectDirPath = "";
			projectRoot = "";
			targets = (
				CE65138023711D5600E06F87 /* nowiiesocials */,
				CE65139923711D5900E06F87 /* nowiiesocialsTests */,
				CE6513A423711D5900E06F87 /* nowiiesocialsUITests */,
			);
		};
/* End PBXProject section */

/* Begin PBXResourcesBuildPhase section */
		CE65137F23711D5600E06F87 /* Resources */ = {
			isa = PBXResourcesBuildPhase;
			buildActionMask = 2147483647;
			files = (
				CE0DFC292377E32A00F26E22 /* lakemcdonald.jpg in Resources */,
				CE0DFC312377E32A00F26E22 /* rainbowlake.jpg in Resources */,
				CE4758422379DED100D897E1 /* hikeData.json in Resources */,
				CE0DFC272377E32A00F26E22 /* silversalmoncreek.jpg in Resources */,
				CE0DFC2D2377E32A00F26E22 /* landmarkData.json in Resources */,
				CE0DFC2F2377E32A00F26E22 /* stmarylake.jpg in Resources */,
				CE0DFC262377E32A00F26E22 /* turtlerock.jpg in Resources */,
				CE0DFC252377E32A00F26E22 /* charleyrivers.jpg in Resources */,
				CE0DFC2C2377E32A00F26E22 /* umbagog.jpg in Resources */,
				CE0DFC2E2377E32A00F26E22 /* chincoteague.jpg in Resources */,
				CE65139423711D5900E06F87 /* LaunchScreen.storyboard in Resources */,
				CE0DFC302377E32A00F26E22 /* chilkoottrail.jpg in Resources */,
				CE0DFC282377E32A00F26E22 /* icybay.jpg in Resources */,
				CE0DFC2B2377E32A00F26E22 /* twinlake.jpg in Resources */,
				CE0DFC2A2377E32A00F26E22 /* hiddenlake.jpg in Resources */,
				CE0DFC332377E37700F26E22 /* Assets.xcassets in Resources */,
				CE65139123711D5900E06F87 /* Preview Assets.xcassets in Resources */,
			);
			runOnlyForDeploymentPostprocessing = 0;
		};
		CE65139823711D5900E06F87 /* Resources */ = {
			isa = PBXResourcesBuildPhase;
			buildActionMask = 2147483647;
			files = (
			);
			runOnlyForDeploymentPostprocessing = 0;
		};
		CE6513A323711D5900E06F87 /* Resources */ = {
			isa = PBXResourcesBuildPhase;
			buildActionMask = 2147483647;
			files = (
			);
			runOnlyForDeploymentPostprocessing = 0;
		};
/* End PBXResourcesBuildPhase section */

/* Begin PBXSourcesBuildPhase section */
		CE65137D23711D5600E06F87 /* Sources */ = {
			isa = PBXSourcesBuildPhase;
			buildActionMask = 2147483647;
			files = (
				CE47583A2379DDFE00D897E1 /* Hike.swift in Sources */,
				CE47582F23790F1100D897E1 /* HexagonParameters.swift in Sources */,
				CE65138523711D5600E06F87 /* AppDelegate.swift in Sources */,
				CE44195E2371D59C001E9EBD /* MapView.swift in Sources */,
				CE65138A23711D5600E06F87 /* nowiiesocials.xcdatamodeld in Sources */,
				CE47583C2379DE2900D897E1 /* RotatedBadgeSymbol.swift in Sources */,
				CE65138C23711D5600E06F87 /* ContentView.swift in Sources */,
				CE47583E2379DE2C00D897E1 /* BadgeBackground.swift in Sources */,
				CE47583D2379DE2C00D897E1 /* Badge.swift in Sources */,
				CE65138723711D5600E06F87 /* SceneDelegate.swift in Sources */,
				CE0DFC352378094300F26E22 /* UserData.swift in Sources */,
				CED4E0272372011B00A01A76 /* LandmarkRow.swift in Sources */,
				CE47583023790F1100D897E1 /* HikeDetail.swift in Sources */,
				CE47583F2379DE2C00D897E1 /* BadgeSymbol.swift in Sources */,
				CE47583123790F1100D897E1 /* HikeView.swift in Sources */,
				CE44195C2371D442001E9EBD /* CircleImage.swift in Sources */,
				CE9EC4DD2376F66900725DA6 /* Data.swift in Sources */,
				CE47583B2379DE2600D897E1 /* HikeGraph.swift in Sources */,
				CED4E03B2372F0DD00A01A76 /* LandmarkList.swift in Sources */,
				CE9EC4DE2376F66900725DA6 /* Landmark.swift in Sources */,
				CE4758402379DE2C00D897E1 /* GraphCapsule.swift in Sources */,
			);
			runOnlyForDeploymentPostprocessing = 0;
		};
		CE65139623711D5900E06F87 /* Sources */ = {
			isa = PBXSourcesBuildPhase;
			buildActionMask = 2147483647;
			files = (
				CE65139F23711D5900E06F87 /* nowiiesocialsTests.swift in Sources */,
			);
			runOnlyForDeploymentPostprocessing = 0;
		};
		CE6513A123711D5900E06F87 /* Sources */ = {
			isa = PBXSourcesBuildPhase;
			buildActionMask = 2147483647;
			files = (
				CE6513AA23711D5900E06F87 /* nowiiesocialsUITests.swift in Sources */,
			);
			runOnlyForDeploymentPostprocessing = 0;
		};
/* End PBXSourcesBuildPhase section */

/* Begin PBXTargetDependency section */
		CE65139C23711D5900E06F87 /* PBXTargetDependency */ = {
			isa = PBXTargetDependency;
			target = CE65138023711D5600E06F87 /* nowiiesocials */;
			targetProxy = CE65139B23711D5900E06F87 /* PBXContainerItemProxy */;
		};
		CE6513A723711D5900E06F87 /* PBXTargetDependency */ = {
			isa = PBXTargetDependency;
			target = CE65138023711D5600E06F87 /* nowiiesocials */;
			targetProxy = CE6513A623711D5900E06F87 /* PBXContainerItemProxy */;
		};
/* End PBXTargetDependency section */

/* Begin PBXVariantGroup section */
		CE65139223711D5900E06F87 /* LaunchScreen.storyboard */ = {
			isa = PBXVariantGroup;
			children = (
				CE65139323711D5900E06F87 /* Base */,
			);
			name = LaunchScreen.storyboard;
			sourceTree = "<group>";
		};
/* End PBXVariantGroup section */

/* Begin XCBuildConfiguration section */
		CE6513AC23711D5900E06F87 /* Debug */ = {
			isa = XCBuildConfiguration;
			buildSettings = {
				ALWAYS_SEARCH_USER_PATHS = NO;
				CLANG_ANALYZER_NONNULL = YES;
				CLANG_ANALYZER_NUMBER_OBJECT_CONVERSION = YES_AGGRESSIVE;
				CLANG_CXX_LANGUAGE_STANDARD = "gnu++14";
				CLANG_CXX_LIBRARY = "libc++";
				CLANG_ENABLE_MODULES = YES;
				CLANG_ENABLE_OBJC_ARC = YES;
				CLANG_ENABLE_OBJC_WEAK = YES;
				CLANG_WARN_BLOCK_CAPTURE_AUTORELEASING = YES;
				CLANG_WARN_BOOL_CONVERSION = YES;
				CLANG_WARN_COMMA = YES;
				CLANG_WARN_CONSTANT_CONVERSION = YES;
				CLANG_WARN_DEPRECATED_OBJC_IMPLEMENTATIONS = YES;
				CLANG_WARN_DIRECT_OBJC_ISA_USAGE = YES_ERROR;
				CLANG_WARN_DOCUMENTATION_COMMENTS = YES;
				CLANG_WARN_EMPTY_BODY = YES;
				CLANG_WARN_ENUM_CONVERSION = YES;
				CLANG_WARN_INFINITE_RECURSION = YES;
				CLANG_WARN_INT_CONVERSION = YES;
				CLANG_WARN_NON_LITERAL_NULL_CONVERSION = YES;
				CLANG_WARN_OBJC_IMPLICIT_RETAIN_SELF = YES;
				CLANG_WARN_OBJC_LITERAL_CONVERSION = YES;
				CLANG_WARN_OBJC_ROOT_CLASS = YES_ERROR;
				CLANG_WARN_RANGE_LOOP_ANALYSIS = YES;
				CLANG_WARN_STRICT_PROTOTYPES = YES;
				CLANG_WARN_SUSPICIOUS_MOVE = YES;
				CLANG_WARN_UNGUARDED_AVAILABILITY = YES_AGGRESSIVE;
				CLANG_WARN_UNREACHABLE_CODE = YES;
				CLANG_WARN__DUPLICATE_METHOD_MATCH = YES;
				COPY_PHASE_STRIP = NO;
				DEBUG_INFORMATION_FORMAT = dwarf;
				ENABLE_STRICT_OBJC_MSGSEND = YES;
				ENABLE_TESTABILITY = YES;
				GCC_C_LANGUAGE_STANDARD = gnu11;
				GCC_DYNAMIC_NO_PIC = NO;
				GCC_NO_COMMON_BLOCKS = YES;
				GCC_OPTIMIZATION_LEVEL = 0;
				GCC_PREPROCESSOR_DEFINITIONS = (
					"DEBUG=1",
					"$(inherited)",
				);
				GCC_WARN_64_TO_32_BIT_CONVERSION = YES;
				GCC_WARN_ABOUT_RETURN_TYPE = YES_ERROR;
				GCC_WARN_UNDECLARED_SELECTOR = YES;
				GCC_WARN_UNINITIALIZED_AUTOS = YES_AGGRESSIVE;
				GCC_WARN_UNUSED_FUNCTION = YES;
				GCC_WARN_UNUSED_VARIABLE = YES;
				IPHONEOS_DEPLOYMENT_TARGET = 13.0;
				MTL_ENABLE_DEBUG_INFO = INCLUDE_SOURCE;
				MTL_FAST_MATH = YES;
				ONLY_ACTIVE_ARCH = YES;
				SDKROOT = iphoneos;
				SWIFT_ACTIVE_COMPILATION_CONDITIONS = DEBUG;
				SWIFT_OPTIMIZATION_LEVEL = "-Onone";
			};
			name = Debug;
		};
		CE6513AD23711D5900E06F87 /* Release */ = {
			isa = XCBuildConfiguration;
			buildSettings = {
				ALWAYS_SEARCH_USER_PATHS = NO;
				CLANG_ANALYZER_NONNULL = YES;
				CLANG_ANALYZER_NUMBER_OBJECT_CONVERSION = YES_AGGRESSIVE;
				CLANG_CXX_LANGUAGE_STANDARD = "gnu++14";
				CLANG_CXX_LIBRARY = "libc++";
				CLANG_ENABLE_MODULES = YES;
				CLANG_ENABLE_OBJC_ARC = YES;
				CLANG_ENABLE_OBJC_WEAK = YES;
				CLANG_WARN_BLOCK_CAPTURE_AUTORELEASING = YES;
				CLANG_WARN_BOOL_CONVERSION = YES;
				CLANG_WARN_COMMA = YES;
				CLANG_WARN_CONSTANT_CONVERSION = YES;
				CLANG_WARN_DEPRECATED_OBJC_IMPLEMENTATIONS = YES;
				CLANG_WARN_DIRECT_OBJC_ISA_USAGE = YES_ERROR;
				CLANG_WARN_DOCUMENTATION_COMMENTS = YES;
				CLANG_WARN_EMPTY_BODY = YES;
				CLANG_WARN_ENUM_CONVERSION = YES;
				CLANG_WARN_INFINITE_RECURSION = YES;
				CLANG_WARN_INT_CONVERSION = YES;
				CLANG_WARN_NON_LITERAL_NULL_CONVERSION = YES;
				CLANG_WARN_OBJC_IMPLICIT_RETAIN_SELF = YES;
				CLANG_WARN_OBJC_LITERAL_CONVERSION = YES;
				CLANG_WARN_OBJC_ROOT_CLASS = YES_ERROR;
				CLANG_WARN_RANGE_LOOP_ANALYSIS = YES;
				CLANG_WARN_STRICT_PROTOTYPES = YES;
				CLANG_WARN_SUSPICIOUS_MOVE = YES;
				CLANG_WARN_UNGUARDED_AVAILABILITY = YES_AGGRESSIVE;
				CLANG_WARN_UNREACHABLE_CODE = YES;
				CLANG_WARN__DUPLICATE_METHOD_MATCH = YES;
				COPY_PHASE_STRIP = NO;
				DEBUG_INFORMATION_FORMAT = "dwarf-with-dsym";
				ENABLE_NS_ASSERTIONS = NO;
				ENABLE_STRICT_OBJC_MSGSEND = YES;
				GCC_C_LANGUAGE_STANDARD = gnu11;
				GCC_NO_COMMON_BLOCKS = YES;
				GCC_WARN_64_TO_32_BIT_CONVERSION = YES;
				GCC_WARN_ABOUT_RETURN_TYPE = YES_ERROR;
				GCC_WARN_UNDECLARED_SELECTOR = YES;
				GCC_WARN_UNINITIALIZED_AUTOS = YES_AGGRESSIVE;
				GCC_WARN_UNUSED_FUNCTION = YES;
				GCC_WARN_UNUSED_VARIABLE = YES;
				IPHONEOS_DEPLOYMENT_TARGET = 13.0;
				MTL_ENABLE_DEBUG_INFO = NO;
				MTL_FAST_MATH = YES;
				SDKROOT = iphoneos;
				SWIFT_COMPILATION_MODE = wholemodule;
				SWIFT_OPTIMIZATION_LEVEL = "-O";
				VALIDATE_PRODUCT = YES;
			};
			name = Release;
		};
		CE6513AF23711D5900E06F87 /* Debug */ = {
			isa = XCBuildConfiguration;
			buildSettings = {
				ASSETCATALOG_COMPILER_APPICON_NAME = AppIcon;
				CODE_SIGN_STYLE = Automatic;
				DEVELOPMENT_ASSET_PATHS = "\"nowiiesocials/Preview Content\"";
				DEVELOPMENT_TEAM = Q6Y429W25C;
				ENABLE_PREVIEWS = YES;
				INFOPLIST_FILE = nowiiesocials/Info.plist;
				LD_RUNPATH_SEARCH_PATHS = (
					"$(inherited)",
					"@executable_path/Frameworks",
				);
				PRODUCT_BUNDLE_IDENTIFIER = com.ski.nowiiesocials;
				PRODUCT_NAME = "$(TARGET_NAME)";
				SWIFT_VERSION = 5.0;
				TARGETED_DEVICE_FAMILY = "1,2";
			};
			name = Debug;
		};
		CE6513B023711D5900E06F87 /* Release */ = {
			isa = XCBuildConfiguration;
			buildSettings = {
				ASSETCATALOG_COMPILER_APPICON_NAME = AppIcon;
				CODE_SIGN_STYLE = Automatic;
				DEVELOPMENT_ASSET_PATHS = "\"nowiiesocials/Preview Content\"";
				DEVELOPMENT_TEAM = Q6Y429W25C;
				ENABLE_PREVIEWS = YES;
				INFOPLIST_FILE = nowiiesocials/Info.plist;
				LD_RUNPATH_SEARCH_PATHS = (
					"$(inherited)",
					"@executable_path/Frameworks",
				);
				PRODUCT_BUNDLE_IDENTIFIER = com.ski.nowiiesocials;
				PRODUCT_NAME = "$(TARGET_NAME)";
				SWIFT_VERSION = 5.0;
				TARGETED_DEVICE_FAMILY = "1,2";
			};
			name = Release;
		};
		CE6513B223711D5900E06F87 /* Debug */ = {
			isa = XCBuildConfiguration;
			buildSettings = {
				ALWAYS_EMBED_SWIFT_STANDARD_LIBRARIES = YES;
				BUNDLE_LOADER = "$(TEST_HOST)";
				CODE_SIGN_STYLE = Automatic;
				DEVELOPMENT_TEAM = Q6Y429W25C;
				INFOPLIST_FILE = nowiiesocialsTests/Info.plist;
				IPHONEOS_DEPLOYMENT_TARGET = 13.0;
				LD_RUNPATH_SEARCH_PATHS = (
					"$(inherited)",
					"@executable_path/Frameworks",
					"@loader_path/Frameworks",
				);
				PRODUCT_BUNDLE_IDENTIFIER = com.ski.nowiiesocialsTests;
				PRODUCT_NAME = "$(TARGET_NAME)";
				SWIFT_VERSION = 5.0;
				TARGETED_DEVICE_FAMILY = "1,2";
				TEST_HOST = "$(BUILT_PRODUCTS_DIR)/nowiiesocials.app/nowiiesocials";
			};
			name = Debug;
		};
		CE6513B323711D5900E06F87 /* Release */ = {
			isa = XCBuildConfiguration;
			buildSettings = {
				ALWAYS_EMBED_SWIFT_STANDARD_LIBRARIES = YES;
				BUNDLE_LOADER = "$(TEST_HOST)";
				CODE_SIGN_STYLE = Automatic;
				DEVELOPMENT_TEAM = Q6Y429W25C;
				INFOPLIST_FILE = nowiiesocialsTests/Info.plist;
				IPHONEOS_DEPLOYMENT_TARGET = 13.0;
				LD_RUNPATH_SEARCH_PATHS = (
					"$(inherited)",
					"@executable_path/Frameworks",
					"@loader_path/Frameworks",
				);
				PRODUCT_BUNDLE_IDENTIFIER = com.ski.nowiiesocialsTests;
				PRODUCT_NAME = "$(TARGET_NAME)";
				SWIFT_VERSION = 5.0;
				TARGETED_DEVICE_FAMILY = "1,2";
				TEST_HOST = "$(BUILT_PRODUCTS_DIR)/nowiiesocials.app/nowiiesocials";
			};
			name = Release;
		};
		CE6513B523711D5900E06F87 /* Debug */ = {
			isa = XCBuildConfiguration;
			buildSettings = {
				ALWAYS_EMBED_SWIFT_STANDARD_LIBRARIES = YES;
				CODE_SIGN_STYLE = Automatic;
				DEVELOPMENT_TEAM = Q6Y429W25C;
				INFOPLIST_FILE = nowiiesocialsUITests/Info.plist;
				LD_RUNPATH_SEARCH_PATHS = (
					"$(inherited)",
					"@executable_path/Frameworks",
					"@loader_path/Frameworks",
				);
				PRODUCT_BUNDLE_IDENTIFIER = com.ski.nowiiesocialsUITests;
				PRODUCT_NAME = "$(TARGET_NAME)";
				SWIFT_VERSION = 5.0;
				TARGETED_DEVICE_FAMILY = "1,2";
				TEST_TARGET_NAME = nowiiesocials;
			};
			name = Debug;
		};
		CE6513B623711D5900E06F87 /* Release */ = {
			isa = XCBuildConfiguration;
			buildSettings = {
				ALWAYS_EMBED_SWIFT_STANDARD_LIBRARIES = YES;
				CODE_SIGN_STYLE = Automatic;
				DEVELOPMENT_TEAM = Q6Y429W25C;
				INFOPLIST_FILE = nowiiesocialsUITests/Info.plist;
				LD_RUNPATH_SEARCH_PATHS = (
					"$(inherited)",
					"@executable_path/Frameworks",
					"@loader_path/Frameworks",
				);
				PRODUCT_BUNDLE_IDENTIFIER = com.ski.nowiiesocialsUITests;
				PRODUCT_NAME = "$(TARGET_NAME)";
				SWIFT_VERSION = 5.0;
				TARGETED_DEVICE_FAMILY = "1,2";
				TEST_TARGET_NAME = nowiiesocials;
			};
			name = Release;
		};
/* End XCBuildConfiguration section */

/* Begin XCConfigurationList section */
		CE65137C23711D5600E06F87 /* Build configuration list for PBXProject "nowiiesocials" */ = {
			isa = XCConfigurationList;
			buildConfigurations = (
				CE6513AC23711D5900E06F87 /* Debug */,
				CE6513AD23711D5900E06F87 /* Release */,
			);
			defaultConfigurationIsVisible = 0;
			defaultConfigurationName = Release;
		};
		CE6513AE23711D5900E06F87 /* Build configuration list for PBXNativeTarget "nowiiesocials" */ = {
			isa = XCConfigurationList;
			buildConfigurations = (
				CE6513AF23711D5900E06F87 /* Debug */,
				CE6513B023711D5900E06F87 /* Release */,
			);
			defaultConfigurationIsVisible = 0;
			defaultConfigurationName = Release;
		};
		CE6513B123711D5900E06F87 /* Build configuration list for PBXNativeTarget "nowiiesocialsTests" */ = {
			isa = XCConfigurationList;
			buildConfigurations = (
				CE6513B223711D5900E06F87 /* Debug */,
				CE6513B323711D5900E06F87 /* Release */,
			);
			defaultConfigurationIsVisible = 0;
			defaultConfigurationName = Release;
		};
		CE6513B423711D5900E06F87 /* Build configuration list for PBXNativeTarget "nowiiesocialsUITests" */ = {
			isa = XCConfigurationList;
			buildConfigurations = (
				CE6513B523711D5900E06F87 /* Debug */,
				CE6513B623711D5900E06F87 /* Release */,
			);
			defaultConfigurationIsVisible = 0;
			defaultConfigurationName = Release;
		};
/* End XCConfigurationList section */

/* Begin XCVersionGroup section */
		CE65138823711D5600E06F87 /* nowiiesocials.xcdatamodeld */ = {
			isa = XCVersionGroup;
			children = (
				CE65138923711D5600E06F87 /* nowiiesocials.xcdatamodel */,
			);
			currentVersion = CE65138923711D5600E06F87 /* nowiiesocials.xcdatamodel */;
			path = nowiiesocials.xcdatamodeld;
			sourceTree = "<group>";
			versionGroupType = wrapper.xcdatamodel;
		};
/* End XCVersionGroup section */
	};
	rootObject = CE65137923711D5600E06F87 /* Project object */;
}
